<?xml version="1.0" encoding="utf-8"?>
<Project ToolsVersion="4.0" xmlns="http://schemas.microsoft.com/developer/msbuild/2003">
  <ItemGroup>
    <Filter Include="Plugin">
      <UniqueIdentifier>{3025e528-3834-4711-a3ec-9c41d5e97efb}</UniqueIdentifier>
    </Filter>
    <Filter Include="Header Files">
      <UniqueIdentifier>{a3d56c88-5352-4b19-8ddc-2e6edb6efbc3}</UniqueIdentifier>
      <Extensions>h;hpp;hxx;hm;inl</Extensions>
    </Filter>
    <Filter Include="Debugger">
      <UniqueIdentifier>{68ceaad4-be44-47a4-b952-aa8256fa0099}</UniqueIdentifier>
    </Filter>
    <Filter Include="Resource Files">
      <UniqueIdentifier>{b1bdad5c-4ec5-4504-8c0b-bd602201776c}</UniqueIdentifier>
      <Extensions>ico;cur;bmp;dlg;rc2;rct;bin;rgs;gif;jpg;jpeg;jpe</Extensions>
    </Filter>
    <Filter Include="Graphics">
      <UniqueIdentifier>{63a2b9bb-aac7-4fc3-8dac-8d3b852d287a}</UniqueIdentifier>
    </Filter>
    <Filter Include="Graphics\Combiner">
      <UniqueIdentifier>{7644b675-6755-4c36-bc66-9d650ddce78b}</UniqueIdentifier>
    </Filter>
    <Filter Include="Graphics\Combiner\DirectXCombiner">
      <UniqueIdentifier>{b5cf1dfb-194b-4a18-8455-8d8064b77d38}</UniqueIdentifier>
    </Filter>
    <Filter Include="Graphics\Render">
      <UniqueIdentifier>{79fc9313-03fd-4c23-a15d-ac05eed15f62}</UniqueIdentifier>
    </Filter>
    <Filter Include="Graphics\Render\DirectX">
      <UniqueIdentifier>{14ceda51-7d48-4f92-a589-709a37a9e895}</UniqueIdentifier>
    </Filter>
    <Filter Include="Graphics\Device">
      <UniqueIdentifier>{954ab507-fc1f-4624-983f-2a6820b96efc}</UniqueIdentifier>
    </Filter>
    <Filter Include="Graphics\Device\DirectXDevice">
      <UniqueIdentifier>{cc342aa7-2177-4cb3-92fd-9881e63bda66}</UniqueIdentifier>
    </Filter>
    <Filter Include="Graphics\Parser">
      <UniqueIdentifier>{7dc8b54d-006e-4ca8-b5cd-5038635fa861}</UniqueIdentifier>
    </Filter>
    <Filter Include="Graphics\Parser\Custom">
      <UniqueIdentifier>{aeb7d119-8014-4b31-9e0c-39eab5900f8c}</UniqueIdentifier>
    </Filter>
    <Filter Include="Graphics\Utility">
      <UniqueIdentifier>{ec0009e2-6f65-4771-b9a9-6af14e97caa8}</UniqueIdentifier>
    </Filter>
    <Filter Include="Graphics\Texture">
      <UniqueIdentifier>{d3be39d9-de88-4dcd-a309-352452c19c53}</UniqueIdentifier>
    </Filter>
    <Filter Include="Graphics\Texture\DirectXTexture">
      <UniqueIdentifier>{a9174d2a-b0ce-43c1-8f0a-9596bbaa9cd2}</UniqueIdentifier>
    </Filter>
    <Filter Include="Graphics\Texture\Texture Filters">
      <UniqueIdentifier>{49e558f0-2cd7-4b87-8c82-a0bdb118289d}</UniqueIdentifier>
    </Filter>
  </ItemGroup>
  <ItemGroup>
    <ClCompile Include="Config.cpp">
      <Filter>Plugin</Filter>
    </ClCompile>
    <ClCompile Include="stdafx.cpp">
      <Filter>Plugin</Filter>
    </ClCompile>
    <ClCompile Include="Video.cpp">
      <Filter>Plugin</Filter>
    </ClCompile>
    <ClCompile Include="Debugger.cpp">
      <Filter>Debugger</Filter>
    </ClCompile>
    <ClCompile Include="blender.cpp">
      <Filter>Graphics\Combiner</Filter>
    </ClCompile>
    <ClCompile Include="Combiner.cpp">
      <Filter>Graphics\Combiner</Filter>
    </ClCompile>
    <ClCompile Include="DecodedMux.cpp">
      <Filter>Graphics\Combiner</Filter>
    </ClCompile>
    <ClCompile Include="DirectXBlender.cpp">
      <Filter>Graphics\Combiner\DirectXCombiner</Filter>
    </ClCompile>
    <ClCompile Include="DirectXCombiner.cpp">
      <Filter>Graphics\Combiner\DirectXCombiner</Filter>
    </ClCompile>
    <ClCompile Include="DirectXDecodedMux.cpp">
      <Filter>Graphics\Combiner\DirectXCombiner</Filter>
    </ClCompile>
    <ClCompile Include="Render.cpp">
      <Filter>Graphics\Render</Filter>
    </ClCompile>
    <ClCompile Include="RenderBase.cpp">
      <Filter>Graphics\Render</Filter>
    </ClCompile>
    <ClCompile Include="RenderExt.cpp">
      <Filter>Graphics\Render</Filter>
    </ClCompile>
    <ClCompile Include="VertexClipper.cpp">
      <Filter>Graphics\Render</Filter>
    </ClCompile>
    <ClCompile Include="VertexShader.cpp">
      <Filter>Graphics\Render</Filter>
    </ClCompile>
    <ClCompile Include="D3DRender.cpp">
      <Filter>Graphics\Render\DirectX</Filter>
    </ClCompile>
    <ClCompile Include="D3DRenderExt.cpp">
      <Filter>Graphics\Render\DirectX</Filter>
    </ClCompile>
    <ClCompile Include="DeviceBuilder.cpp">
      <Filter>Graphics\Device</Filter>
    </ClCompile>
    <ClCompile Include="FrameBuffer.cpp">
      <Filter>Graphics\Device</Filter>
    </ClCompile>
    <ClCompile Include="FrameBufferDX.cpp">
      <Filter>Graphics\Device</Filter>
    </ClCompile>
    <ClCompile Include="GraphicsContext.cpp">
      <Filter>Graphics\Device</Filter>
    </ClCompile>
    <ClCompile Include="RenderTexture.cpp">
      <Filter>Graphics\Device</Filter>
    </ClCompile>
    <ClCompile Include="DXGraphicsContext.cpp">
      <Filter>Graphics\Device\DirectXDevice</Filter>
    </ClCompile>
    <ClCompile Include="RSP_Parser.cpp">
      <Filter>Graphics\Parser</Filter>
    </ClCompile>
    <ClCompile Include="RSP_S2DEX.cpp">
      <Filter>Graphics\Parser</Filter>
    </ClCompile>
    <ClCompile Include="ConvertImage.cpp">
      <Filter>Graphics\Texture</Filter>
    </ClCompile>
    <ClCompile Include="ConvertImage16.cpp">
      <Filter>Graphics\Texture</Filter>
    </ClCompile>
    <ClCompile Include="Texture.cpp">
      <Filter>Graphics\Texture</Filter>
    </ClCompile>
    <ClCompile Include="TextureManager.cpp">
      <Filter>Graphics\Texture</Filter>
    </ClCompile>
    <ClCompile Include="DirectXTexture.cpp">
      <Filter>Graphics\Texture\DirectXTexture</Filter>
    </ClCompile>
    <ClCompile Include="TextureFilters.cpp">
      <Filter>Graphics\Texture\Texture Filters</Filter>
    </ClCompile>
    <ClCompile Include="TextureFilters_2xsai.cpp">
      <Filter>Graphics\Texture\Texture Filters</Filter>
    </ClCompile>
    <ClCompile Include="TextureFilters_hq2x.cpp">
      <Filter>Graphics\Texture\Texture Filters</Filter>
    </ClCompile>
    <ClCompile Include="TextureFilters_hq4x.cpp">
      <Filter>Graphics\Texture\Texture Filters</Filter>
    </ClCompile>
    <ClCompile Include="TextureFilters_lq2x.cpp">
      <Filter>Graphics\Texture\Texture Filters</Filter>
    </ClCompile>
    <ClCompile Include="TextureFilters_sharpen.cpp">
      <Filter>Graphics\Texture\Texture Filters</Filter>
    </ClCompile>
    <ClCompile Include="TextureFilters_smooth.cpp">
      <Filter>Graphics\Texture\Texture Filters</Filter>
    </ClCompile>
    <ClCompile Include="TextureFilters_texture2x.cpp">
      <Filter>Graphics\Texture\Texture Filters</Filter>
    </ClCompile>
  </ItemGroup>
  <ItemGroup>
    <ClInclude Include="Config.h">
      <Filter>Plugin</Filter>
    </ClInclude>
    <ClInclude Include="Video.h">
      <Filter>Plugin</Filter>
    </ClInclude>
    <ClInclude Include="_BldNum.h">
      <Filter>Header Files</Filter>
    </ClInclude>
    <ClInclude Include="Lib\BMGDLL.h">
      <Filter>Header Files</Filter>
    </ClInclude>
    <ClInclude Include="Lib\BMGImage.h">
      <Filter>Header Files</Filter>
    </ClInclude>
    <ClInclude Include="Lib\BMGLibPNG.h">
      <Filter>Header Files</Filter>
    </ClInclude>
    <ClInclude Include="gfx.h">
      <Filter>Header Files</Filter>
    </ClInclude>
    <ClInclude Include="Lib\pngrw.h">
      <Filter>Header Files</Filter>
    </ClInclude>
    <ClInclude Include="stdafx.h">
      <Filter>Header Files</Filter>
    </ClInclude>
    <ClInclude Include="Lib\tiffrw.h">
      <Filter>Header Files</Filter>
    </ClInclude>
    <ClInclude Include="typedefs.h">
      <Filter>Header Files</Filter>
    </ClInclude>
    <ClInclude Include="Debugger.h">
      <Filter>Debugger</Filter>
    </ClInclude>
    <ClInclude Include="resource.h">
      <Filter>Resource Files</Filter>
    </ClInclude>
    <ClInclude Include="blender.h">
      <Filter>Graphics\Combiner</Filter>
    </ClInclude>
    <ClInclude Include="Combiner.h">
      <Filter>Graphics\Combiner</Filter>
    </ClInclude>
    <ClInclude Include="CombinerDefs.h">
      <Filter>Graphics\Combiner</Filter>
    </ClInclude>
    <ClInclude Include="DecodedMux.h">
      <Filter>Graphics\Combiner</Filter>
    </ClInclude>
    <ClInclude Include="DirectXBlender.h">
      <Filter>Graphics\Combiner\DirectXCombiner</Filter>
    </ClInclude>
    <ClInclude Include="DirectXCombiner.h">
      <Filter>Graphics\Combiner\DirectXCombiner</Filter>
    </ClInclude>
    <ClInclude Include="DirectXDecodedMux.h">
      <Filter>Graphics\Combiner\DirectXCombiner</Filter>
    </ClInclude>
    <ClInclude Include="ExtendedRender.h">
      <Filter>Graphics\Render</Filter>
    </ClInclude>
    <ClInclude Include="Render.h">
      <Filter>Graphics\Render</Filter>
    </ClInclude>
    <ClInclude Include="RenderBase.h">
      <Filter>Graphics\Render</Filter>
    </ClInclude>
    <ClInclude Include="shaderdx9_include.h">
      <Filter>Graphics\Render</Filter>
    </ClInclude>
    <ClInclude Include="VertexShaderConstantDef.h">
      <Filter>Graphics\Render</Filter>
    </ClInclude>
    <ClInclude Include="D3DRender.h">
      <Filter>Graphics\Render\DirectX</Filter>
    </ClInclude>
    <ClInclude Include="DeviceBuilder.h">
      <Filter>Graphics\Device</Filter>
    </ClInclude>
    <ClInclude Include="FrameBuffer.h">
      <Filter>Graphics\Device</Filter>
    </ClInclude>
    <ClInclude Include="GraphicsContext.h">
      <Filter>Graphics\Device</Filter>
    </ClInclude>
    <ClInclude Include="RenderTexture.h">
      <Filter>Graphics\Device</Filter>
    </ClInclude>
    <ClInclude Include="DXGraphicsContext.h">
      <Filter>Graphics\Device\DirectXDevice</Filter>
    </ClInclude>
    <ClInclude Include="RDP_Texture.h">
      <Filter>Graphics\Parser</Filter>
    </ClInclude>
    <ClInclude Include="RSP_DKR.h">
      <Filter>Graphics\Parser</Filter>
    </ClInclude>
    <ClInclude Include="RSP_GBI0.h">
      <Filter>Graphics\Parser</Filter>
    </ClInclude>
    <ClInclude Include="RSP_GBI1.h">
      <Filter>Graphics\Parser</Filter>
    </ClInclude>
    <ClInclude Include="RSP_GBI2.h">
      <Filter>Graphics\Parser</Filter>
    </ClInclude>
    <ClInclude Include="RSP_GBI2_ext.h">
      <Filter>Graphics\Parser</Filter>
    </ClInclude>
    <ClInclude Include="RSP_GBI_Others.h">
      <Filter>Graphics\Parser</Filter>
    </ClInclude>
    <ClInclude Include="RSP_GBI_Sprite2D.h">
      <Filter>Graphics\Parser</Filter>
    </ClInclude>
    <ClInclude Include="RSP_Parser.h">
      <Filter>Graphics\Parser</Filter>
    </ClInclude>
    <ClInclude Include="RSP_S2DEX.h">
      <Filter>Graphics\Parser</Filter>
    </ClInclude>
    <ClInclude Include="RSP_Turbo3D.h">
      <Filter>Graphics\Parser</Filter>
    </ClInclude>
    <ClInclude Include="Timing.h">
      <Filter>Graphics\Parser</Filter>
    </ClInclude>
    <ClInclude Include="ucode.h">
      <Filter>Graphics\Parser</Filter>
    </ClInclude>
    <ClInclude Include="UcodeDefs.h">
      <Filter>Graphics\Parser</Filter>
    </ClInclude>
    <ClInclude Include="RSP_Conker.h">
      <Filter>Graphics\Parser\Custom</Filter>
    </ClInclude>
    <ClInclude Include="RSP_GE.h">
      <Filter>Graphics\Parser\Custom</Filter>
    </ClInclude>
    <ClInclude Include="RSP_LL.h">
      <Filter>Graphics\Parser\Custom</Filter>
    </ClInclude>
    <ClInclude Include="RSP_PD.h">
      <Filter>Graphics\Parser\Custom</Filter>
    </ClInclude>
    <ClInclude Include="RSP_RS.h">
      <Filter>Graphics\Parser\Custom</Filter>
    </ClInclude>
    <ClInclude Include="RSP_SOTE.h">
      <Filter>Graphics\Parser\Custom</Filter>
    </ClInclude>
    <ClInclude Include="RSP_WRUS.h">
      <Filter>Graphics\Parser\Custom</Filter>
    </ClInclude>
    <ClInclude Include="CritSect.h">
      <Filter>Graphics\Utility</Filter>
    </ClInclude>
    <ClInclude Include="CSortedList.h">
      <Filter>Graphics\Utility</Filter>
    </ClInclude>
    <ClInclude Include="IColor.h">
      <Filter>Graphics\Utility</Filter>
    </ClInclude>
    <ClInclude Include="ConvertImage.h">
      <Filter>Graphics\Texture</Filter>
    </ClInclude>
    <ClInclude Include="Texture.h">
      <Filter>Graphics\Texture</Filter>
    </ClInclude>
    <ClInclude Include="TextureManager.h">
      <Filter>Graphics\Texture</Filter>
    </ClInclude>
    <ClInclude Include="DirectXTexture.h">
      <Filter>Graphics\Texture\DirectXTexture</Filter>
    </ClInclude>
    <ClInclude Include="TextureFilters.h">
      <Filter>Graphics\Texture\Texture Filters</Filter>
    </ClInclude>
    <ClInclude Include="TextureFilters_2xsai.h">
      <Filter>Graphics\Texture\Texture Filters</Filter>
    </ClInclude>
    <ClInclude Include="TextureFilters_hq2x.h">
      <Filter>Graphics\Texture\Texture Filters</Filter>
    </ClInclude>
    <ClInclude Include="TextureFilters_hq4x.h">
      <Filter>Graphics\Texture\Texture Filters</Filter>
    </ClInclude>
    <ClInclude Include="TextureFilters_lq2x.h">
      <Filter>Graphics\Texture\Texture Filters</Filter>
    </ClInclude>
    <ClInclude Include="TextureFilters_texture2x.h">
      <Filter>Graphics\Texture\Texture Filters</Filter>
    </ClInclude>
  </ItemGroup>
  <ItemGroup>
    <ResourceCompile Include="Video.rc">
      <Filter>Resource Files</Filter>
    </ResourceCompile>
  </ItemGroup>
  <ItemGroup>
    <None Include="shaderdx9.vsh">
      <Filter>Graphics\Render</Filter>
    </None>
  </ItemGroup>
  <ItemGroup>
    <Library Include="BMGLib.lib" />
  </ItemGroup>
</Project>