<?xml version="1.0" encoding="utf-8"?>
<Project ToolsVersion="4.0" xmlns="http://schemas.microsoft.com/developer/msbuild/2003">
  <ItemGroup>
    <Filter Include="Source Files">
      <UniqueIdentifier>{190d2a34-70b8-401c-80a5-e89af1e66505}</UniqueIdentifier>
      <Extensions>cpp;c;cxx;rc;def;r;odl;idl;hpj;bat</Extensions>
    </Filter>
    <Filter Include="Source Files\zlib">
      <UniqueIdentifier>{42676df8-0233-40aa-be78-6d55c47a8d8b}</UniqueIdentifier>
    </Filter>
    <Filter Include="Source Files\libpng">
      <UniqueIdentifier>{53bc5d34-73c2-459e-b8a9-aa366055bceb}</UniqueIdentifier>
    </Filter>
    <Filter Include="Header Files">
      <UniqueIdentifier>{b8a482fd-33cc-4f63-a8fd-f4295f572793}</UniqueIdentifier>
      <Extensions>h;hpp;hxx;hm;inl</Extensions>
    </Filter>
  </ItemGroup>
  <ItemGroup>
    <ClCompile Include="..\BMGLib_DLL\BMGImage.c">
      <Filter>Source Files</Filter>
    </ClCompile>
    <ClCompile Include="..\BMGLib_DLL\BMGUtils.c">
      <Filter>Source Files</Filter>
    </ClCompile>
    <ClCompile Include="..\BMGLib_DLL\bmp.c">
      <Filter>Source Files</Filter>
    </ClCompile>
    <ClCompile Include="..\BMGLib_DLL\pngrw.c">
      <Filter>Source Files</Filter>
    </ClCompile>
    <ClCompile Include="..\zlib114\adler32.c">
      <Filter>Source Files\zlib</Filter>
    </ClCompile>
    <ClCompile Include="..\zlib114\compress.c">
      <Filter>Source Files\zlib</Filter>
    </ClCompile>
    <ClCompile Include="..\zlib114\crc32.c">
      <Filter>Source Files\zlib</Filter>
    </ClCompile>
    <ClCompile Include="..\zlib114\deflate.c">
      <Filter>Source Files\zlib</Filter>
    </ClCompile>
    <ClCompile Include="..\zlib114\gzclose.c">
      <Filter>Source Files\zlib</Filter>
    </ClCompile>
    <ClCompile Include="..\zlib114\gzlib.c">
      <Filter>Source Files\zlib</Filter>
    </ClCompile>
    <ClCompile Include="..\zlib114\gzread.c">
      <Filter>Source Files\zlib</Filter>
    </ClCompile>
    <ClCompile Include="..\zlib114\gzwrite.c">
      <Filter>Source Files\zlib</Filter>
    </ClCompile>
    <ClCompile Include="..\zlib114\infback.c">
      <Filter>Source Files\zlib</Filter>
    </ClCompile>
    <ClCompile Include="..\zlib114\inffast.c">
      <Filter>Source Files\zlib</Filter>
    </ClCompile>
    <ClCompile Include="..\zlib114\inflate.c">
      <Filter>Source Files\zlib</Filter>
    </ClCompile>
    <ClCompile Include="..\zlib114\inftrees.c">
      <Filter>Source Files\zlib</Filter>
    </ClCompile>
    <ClCompile Include="..\zlib114\trees.c">
      <Filter>Source Files\zlib</Filter>
    </ClCompile>
    <ClCompile Include="..\zlib114\uncompr.c">
      <Filter>Source Files\zlib</Filter>
    </ClCompile>
    <ClCompile Include="..\zlib114\zutil.c">
      <Filter>Source Files\zlib</Filter>
    </ClCompile>
    <ClCompile Include="..\lpng125\png.c">
      <Filter>Source Files\libpng</Filter>
    </ClCompile>
    <ClCompile Include="..\lpng125\pngerror.c">
      <Filter>Source Files\libpng</Filter>
    </ClCompile>
    <ClCompile Include="..\lpng125\pngget.c">
      <Filter>Source Files\libpng</Filter>
    </ClCompile>
    <ClCompile Include="..\lpng125\pngmem.c">
      <Filter>Source Files\libpng</Filter>
    </ClCompile>
    <ClCompile Include="..\lpng125\pngpread.c">
      <Filter>Source Files\libpng</Filter>
    </ClCompile>
    <ClCompile Include="..\lpng125\pngread.c">
      <Filter>Source Files\libpng</Filter>
    </ClCompile>
    <ClCompile Include="..\lpng125\pngrio.c">
      <Filter>Source Files\libpng</Filter>
    </ClCompile>
    <ClCompile Include="..\lpng125\pngrtran.c">
      <Filter>Source Files\libpng</Filter>
    </ClCompile>
    <ClCompile Include="..\lpng125\pngrutil.c">
      <Filter>Source Files\libpng</Filter>
    </ClCompile>
    <ClCompile Include="..\lpng125\pngset.c">
      <Filter>Source Files\libpng</Filter>
    </ClCompile>
    <ClCompile Include="..\lpng125\pngtrans.c">
      <Filter>Source Files\libpng</Filter>
    </ClCompile>
    <ClCompile Include="..\lpng125\pngwio.c">
      <Filter>Source Files\libpng</Filter>
    </ClCompile>
    <ClCompile Include="..\lpng125\pngwrite.c">
      <Filter>Source Files\libpng</Filter>
    </ClCompile>
    <ClCompile Include="..\lpng125\pngwtran.c">
      <Filter>Source Files\libpng</Filter>
    </ClCompile>
    <ClCompile Include="..\lpng125\pngwutil.c">
      <Filter>Source Files\libpng</Filter>
    </ClCompile>
  </ItemGroup>
  <ItemGroup>
    <ClInclude Include="..\BMGLib_DLL\BMGDLL.h">
      <Filter>Source Files</Filter>
    </ClInclude>
    <ClInclude Include="..\BMGLib_DLL\BMGImage.h">
      <Filter>Source Files</Filter>
    </ClInclude>
    <ClInclude Include="..\BMGLib_DLL\BMGUtils.h">
      <Filter>Source Files</Filter>
    </ClInclude>
    <ClInclude Include="..\BMGLib_DLL\pngrw.h">
      <Filter>Source Files</Filter>
    </ClInclude>
    <ClInclude Include="..\zlib114\crc32.h">
      <Filter>Source Files\zlib</Filter>
    </ClInclude>
    <ClInclude Include="..\zlib114\deflate.h">
      <Filter>Source Files\zlib</Filter>
    </ClInclude>
    <ClInclude Include="..\zlib114\gzguts.h">
      <Filter>Source Files\zlib</Filter>
    </ClInclude>
    <ClInclude Include="..\zlib114\inffast.h">
      <Filter>Source Files\zlib</Filter>
    </ClInclude>
    <ClInclude Include="..\zlib114\inffixed.h">
      <Filter>Source Files\zlib</Filter>
    </ClInclude>
    <ClInclude Include="..\zlib114\inflate.h">
      <Filter>Source Files\zlib</Filter>
    </ClInclude>
    <ClInclude Include="..\zlib114\inftrees.h">
      <Filter>Source Files\zlib</Filter>
    </ClInclude>
    <ClInclude Include="..\zlib114\trees.h">
      <Filter>Source Files\zlib</Filter>
    </ClInclude>
    <ClInclude Include="..\zlib114\zconf.h">
      <Filter>Source Files\zlib</Filter>
    </ClInclude>
    <ClInclude Include="..\zlib114\zlib.h">
      <Filter>Source Files\zlib</Filter>
    </ClInclude>
    <ClInclude Include="..\zlib114\zutil.h">
      <Filter>Source Files\zlib</Filter>
    </ClInclude>
    <ClInclude Include="..\lpng125\png.h">
      <Filter>Source Files\libpng</Filter>
    </ClInclude>
    <ClInclude Include="..\lpng125\pngconf.h">
      <Filter>Source Files\libpng</Filter>
    </ClInclude>
    <ClInclude Include="..\lpng125\pngdebug.h">
      <Filter>Source Files\libpng</Filter>
    </ClInclude>
    <ClInclude Include="..\lpng125\pnginfo.h">
      <Filter>Source Files\libpng</Filter>
    </ClInclude>
    <ClInclude Include="..\lpng125\pngpriv.h">
      <Filter>Source Files\libpng</Filter>
    </ClInclude>
    <ClInclude Include="..\lpng125\pngstruct.h">
      <Filter>Source Files\libpng</Filter>
    </ClInclude>
    <ClInclude Include="..\lpng125\pnglibconf.h">
      <Filter>Source Files\libpng</Filter>
    </ClInclude>
  </ItemGroup>
</Project>